// !$*UTF8*$!
{
	archiveVersion = 1;
	classes = {
	};
	objectVersion = 56;
	objects = {

/* Begin PBXBuildFile section */
		3647DC8729FD475A00AC15A1 /* GrashApp.swift in Sources */ = {isa = PBXBuildFile; fileRef = 3647DC8629FD475A00AC15A1 /* GrashApp.swift */; };
		3647DC8929FD475A00AC15A1 /* ContentView.swift in Sources */ = {isa = PBXBuildFile; fileRef = 3647DC8829FD475A00AC15A1 /* ContentView.swift */; };
		3647DC8B29FD475B00AC15A1 /* Assets.xcassets in Resources */ = {isa = PBXBuildFile; fileRef = 3647DC8A29FD475B00AC15A1 /* Assets.xcassets */; };
		3647DC8E29FD475B00AC15A1 /* Preview Assets.xcassets in Resources */ = {isa = PBXBuildFile; fileRef = 3647DC8D29FD475B00AC15A1 /* Preview Assets.xcassets */; };
		3647DC9929FD475B00AC15A1 /* GrashTests.swift in Sources */ = {isa = PBXBuildFile; fileRef = 3647DC9829FD475B00AC15A1 /* GrashTests.swift */; };
		3647DCA329FD475B00AC15A1 /* GrashUITests.swift in Sources */ = {isa = PBXBuildFile; fileRef = 3647DCA229FD475B00AC15A1 /* GrashUITests.swift */; };
		3647DCA529FD475B00AC15A1 /* GrashUITestsLaunchTests.swift in Sources */ = {isa = PBXBuildFile; fileRef = 3647DCA429FD475B00AC15A1 /* GrashUITestsLaunchTests.swift */; };
/* End PBXBuildFile section */

/* Begin PBXContainerItemProxy section */
		3647DC9529FD475B00AC15A1 /* PBXContainerItemProxy */ = {
			isa = PBXContainerItemProxy;
			containerPortal = 3647DC7B29FD475A00AC15A1 /* Project object */;
			proxyType = 1;
			remoteGlobalIDString = 3647DC8229FD475A00AC15A1;
			remoteInfo = Grash;
		};
		3647DC9F29FD475B00AC15A1 /* PBXContainerItemProxy */ = {
			isa = PBXContainerItemProxy;
			containerPortal = 3647DC7B29FD475A00AC15A1 /* Project object */;
			proxyType = 1;
			remoteGlobalIDString = 3647DC8229FD475A00AC15A1;
			remoteInfo = Grash;
		};
/* End PBXContainerItemProxy section */

/* Begin PBXFileReference section */
		3647DC8329FD475A00AC15A1 /* Grash.app */ = {isa = PBXFileReference; explicitFileType = wrapper.application; includeInIndex = 0; path = Grash.app; sourceTree = BUILT_PRODUCTS_DIR; };
		3647DC8629FD475A00AC15A1 /* GrashApp.swift */ = {isa = PBXFileReference; lastKnownFileType = sourcecode.swift; path = GrashApp.swift; sourceTree = "<group>"; };
		3647DC8829FD475A00AC15A1 /* ContentView.swift */ = {isa = PBXFileReference; lastKnownFileType = sourcecode.swift; path = ContentView.swift; sourceTree = "<group>"; };
		3647DC8A29FD475B00AC15A1 /* Assets.xcassets */ = {isa = PBXFileReference; lastKnownFileType = folder.assetcatalog; path = Assets.xcassets; sourceTree = "<group>"; };
		3647DC8D29FD475B00AC15A1 /* Preview Assets.xcassets */ = {isa = PBXFileReference; lastKnownFileType = folder.assetcatalog; path = "Preview Assets.xcassets"; sourceTree = "<group>"; };
		3647DC8F29FD475B00AC15A1 /* Grash.entitlements */ = {isa = PBXFileReference; lastKnownFileType = text.plist.entitlements; path = Grash.entitlements; sourceTree = "<group>"; };
		3647DC9429FD475B00AC15A1 /* GrashTests.xctest */ = {isa = PBXFileReference; explicitFileType = wrapper.cfbundle; includeInIndex = 0; path = GrashTests.xctest; sourceTree = BUILT_PRODUCTS_DIR; };
		3647DC9829FD475B00AC15A1 /* GrashTests.swift */ = {isa = PBXFileReference; lastKnownFileType = sourcecode.swift; path = GrashTests.swift; sourceTree = "<group>"; };
		3647DC9E29FD475B00AC15A1 /* GrashUITests.xctest */ = {isa = PBXFileReference; explicitFileType = wrapper.cfbundle; includeInIndex = 0; path = GrashUITests.xctest; sourceTree = BUILT_PRODUCTS_DIR; };
		3647DCA229FD475B00AC15A1 /* GrashUITests.swift */ = {isa = PBXFileReference; lastKnownFileType = sourcecode.swift; path = GrashUITests.swift; sourceTree = "<group>"; };
		3647DCA429FD475B00AC15A1 /* GrashUITestsLaunchTests.swift */ = {isa = PBXFileReference; lastKnownFileType = sourcecode.swift; path = GrashUITestsLaunchTests.swift; sourceTree = "<group>"; };
/* End PBXFileReference section */

/* Begin PBXFrameworksBuildPhase section */
		3647DC8029FD475A00AC15A1 /* Frameworks */ = {
			isa = PBXFrameworksBuildPhase;
			buildActionMask = 2147483647;
			files = (
			);
			runOnlyForDeploymentPostprocessing = 0;
		};
		3647DC9129FD475B00AC15A1 /* Frameworks */ = {
			isa = PBXFrameworksBuildPhase;
			buildActionMask = 2147483647;
			files = (
			);
			runOnlyForDeploymentPostprocessing = 0;
		};
		3647DC9B29FD475B00AC15A1 /* Frameworks */ = {
			isa = PBXFrameworksBuildPhase;
			buildActionMask = 2147483647;
			files = (
			);
			runOnlyForDeploymentPostprocessing = 0;
		};
/* End PBXFrameworksBuildPhase section */

/* Begin PBXGroup section */
		3647DC7A29FD475A00AC15A1 = {
			isa = PBXGroup;
			children = (
				3647DC8529FD475A00AC15A1 /* Grash */,
				3647DC9729FD475B00AC15A1 /* GrashTests */,
				3647DCA129FD475B00AC15A1 /* GrashUITests */,
				3647DC8429FD475A00AC15A1 /* Products */,
			);
			sourceTree = "<group>";
		};
		3647DC8429FD475A00AC15A1 /* Products */ = {
			isa = PBXGroup;
			children = (
				3647DC8329FD475A00AC15A1 /* Grash.app */,
				3647DC9429FD475B00AC15A1 /* GrashTests.xctest */,
				3647DC9E29FD475B00AC15A1 /* GrashUITests.xctest */,
			);
			name = Products;
			sourceTree = "<group>";
		};
		3647DC8529FD475A00AC15A1 /* Grash */ = {
			isa = PBXGroup;
			children = (
				3647DC8629FD475A00AC15A1 /* GrashApp.swift */,
				3647DC8829FD475A00AC15A1 /* ContentView.swift */,
				3647DC8A29FD475B00AC15A1 /* Assets.xcassets */,
				3647DC8F29FD475B00AC15A1 /* Grash.entitlements */,
				3647DC8C29FD475B00AC15A1 /* Preview Content */,
			);
			path = Grash;
			sourceTree = "<group>";
		};
		3647DC8C29FD475B00AC15A1 /* Preview Content */ = {
			isa = PBXGroup;
			children = (
				3647DC8D29FD475B00AC15A1 /* Preview Assets.xcassets */,
			);
			path = "Preview Content";
			sourceTree = "<group>";
		};
		3647DC9729FD475B00AC15A1 /* GrashTests */ = {
			isa = PBXGroup;
			children = (
				3647DC9829FD475B00AC15A1 /* GrashTests.swift */,
			);
			path = GrashTests;
			sourceTree = "<group>";
		};
		3647DCA129FD475B00AC15A1 /* GrashUITests */ = {
			isa = PBXGroup;
			children = (
				3647DCA229FD475B00AC15A1 /* GrashUITests.swift */,
				3647DCA429FD475B00AC15A1 /* GrashUITestsLaunchTests.swift */,
			);
			path = GrashUITests;
			sourceTree = "<group>";
		};
/* End PBXGroup section */

/* Begin PBXNativeTarget section */
		3647DC8229FD475A00AC15A1 /* Grash */ = {
			isa = PBXNativeTarget;
			buildConfigurationList = 3647DCA829FD475B00AC15A1 /* Build configuration list for PBXNativeTarget "Grash" */;
			buildPhases = (
				3647DC7F29FD475A00AC15A1 /* Sources */,
				3647DC8029FD475A00AC15A1 /* Frameworks */,
				3647DC8129FD475A00AC15A1 /* Resources */,
			);
			buildRules = (
			);
			dependencies = (
			);
			name = Grash;
			productName = Grash;
			productReference = 3647DC8329FD475A00AC15A1 /* Grash.app */;
			productType = "com.apple.product-type.application";
		};
		3647DC9329FD475B00AC15A1 /* GrashTests */ = {
			isa = PBXNativeTarget;
			buildConfigurationList = 3647DCAB29FD475B00AC15A1 /* Build configuration list for PBXNativeTarget "GrashTests" */;
			buildPhases = (
				3647DC9029FD475B00AC15A1 /* Sources */,
				3647DC9129FD475B00AC15A1 /* Frameworks */,
				3647DC9229FD475B00AC15A1 /* Resources */,
			);
			buildRules = (
			);
			dependencies = (
				3647DC9629FD475B00AC15A1 /* PBXTargetDependency */,
			);
			name = GrashTests;
			productName = GrashTests;
			productReference = 3647DC9429FD475B00AC15A1 /* GrashTests.xctest */;
			productType = "com.apple.product-type.bundle.unit-test";
		};
		3647DC9D29FD475B00AC15A1 /* GrashUITests */ = {
			isa = PBXNativeTarget;
			buildConfigurationList = 3647DCAE29FD475B00AC15A1 /* Build configuration list for PBXNativeTarget "GrashUITests" */;
			buildPhases = (
				3647DC9A29FD475B00AC15A1 /* Sources */,
				3647DC9B29FD475B00AC15A1 /* Frameworks */,
				3647DC9C29FD475B00AC15A1 /* Resources */,
			);
			buildRules = (
			);
			dependencies = (
				3647DCA029FD475B00AC15A1 /* PBXTargetDependency */,
			);
			name = GrashUITests;
			productName = GrashUITests;
			productReference = 3647DC9E29FD475B00AC15A1 /* GrashUITests.xctest */;
			productType = "com.apple.product-type.bundle.ui-testing";
		};
/* End PBXNativeTarget section */

/* Begin PBXProject section */
		3647DC7B29FD475A00AC15A1 /* Project object */ = {
			isa = PBXProject;
			attributes = {
				BuildIndependentTargetsInParallel = 1;
				LastSwiftUpdateCheck = 1410;
				LastUpgradeCheck = 1410;
				TargetAttributes = {
					3647DC8229FD475A00AC15A1 = {
						CreatedOnToolsVersion = 14.1;
					};
					3647DC9329FD475B00AC15A1 = {
						CreatedOnToolsVersion = 14.1;
						TestTargetID = 3647DC8229FD475A00AC15A1;
					};
					3647DC9D29FD475B00AC15A1 = {
						CreatedOnToolsVersion = 14.1;
						TestTargetID = 3647DC8229FD475A00AC15A1;
					};
				};
			};
			buildConfigurationList = 3647DC7E29FD475A00AC15A1 /* Build configuration list for PBXProject "Grash" */;
			compatibilityVersion = "Xcode 14.0";
			developmentRegion = en;
			hasScannedForEncodings = 0;
			knownRegions = (
				en,
				Base,
			);
			mainGroup = 3647DC7A29FD475A00AC15A1;
			productRefGroup = 3647DC8429FD475A00AC15A1 /* Products */;
			projectDirPath = "";
			projectRoot = "";
			targets = (
				3647DC8229FD475A00AC15A1 /* Grash */,
				3647DC9329FD475B00AC15A1 /* GrashTests */,
				3647DC9D29FD475B00AC15A1 /* GrashUITests */,
			);
		};
/* End PBXProject section */

/* Begin PBXResourcesBuildPhase section */
		3647DC8129FD475A00AC15A1 /* Resources */ = {
			isa = PBXResourcesBuildPhase;
			buildActionMask = 2147483647;
			files = (
				3647DC8E29FD475B00AC15A1 /* Preview Assets.xcassets in Resources */,
				3647DC8B29FD475B00AC15A1 /* Assets.xcassets in Resources */,
			);
			runOnlyForDeploymentPostprocessing = 0;
		};
		3647DC9229FD475B00AC15A1 /* Resources */ = {
			isa = PBXResourcesBuildPhase;
			buildActionMask = 2147483647;
			files = (
			);
			runOnlyForDeploymentPostprocessing = 0;
		};
		3647DC9C29FD475B00AC15A1 /* Resources */ = {
			isa = PBXResourcesBuildPhase;
			buildActionMask = 2147483647;
			files = (
			);
			runOnlyForDeploymentPostprocessing = 0;
		};
/* End PBXResourcesBuildPhase section */

/* Begin PBXSourcesBuildPhase section */
		3647DC7F29FD475A00AC15A1 /* Sources */ = {
			isa = PBXSourcesBuildPhase;
			buildActionMask = 2147483647;
			files = (
				3647DC8929FD475A00AC15A1 /* ContentView.swift in Sources */,
				3647DC8729FD475A00AC15A1 /* GrashApp.swift in Sources */,
			);
			runOnlyForDeploymentPostprocessing = 0;
		};
		3647DC9029FD475B00AC15A1 /* Sources */ = {
			isa = PBXSourcesBuildPhase;
			buildActionMask = 2147483647;
			files = (
				3647DC9929FD475B00AC15A1 /* GrashTests.swift in Sources */,
			);
			runOnlyForDeploymentPostprocessing = 0;
		};
		3647DC9A29FD475B00AC15A1 /* Sources */ = {
			isa = PBXSourcesBuildPhase;
			buildActionMask = 2147483647;
			files = (
				3647DCA529FD475B00AC15A1 /* GrashUITestsLaunchTests.swift in Sources */,
				3647DCA329FD475B00AC15A1 /* GrashUITests.swift in Sources */,
			);
			runOnlyForDeploymentPostprocessing = 0;
		};
/* End PBXSourcesBuildPhase section */

/* Begin PBXTargetDependency section */
		3647DC9629FD475B00AC15A1 /* PBXTargetDependency */ = {
			isa = PBXTargetDependency;
			target = 3647DC8229FD475A00AC15A1 /* Grash */;
			targetProxy = 3647DC9529FD475B00AC15A1 /* PBXContainerItemProxy */;
		};
		3647DCA029FD475B00AC15A1 /* PBXTargetDependency */ = {
			isa = PBXTargetDependency;
			target = 3647DC8229FD475A00AC15A1 /* Grash */;
			targetProxy = 3647DC9F29FD475B00AC15A1 /* PBXContainerItemProxy */;
		};
/* End PBXTargetDependency section */

/* Begin XCBuildConfiguration section */
		3647DCA629FD475B00AC15A1 /* Debug */ = {
			isa = XCBuildConfiguration;
			buildSettings = {
				ALWAYS_SEARCH_USER_PATHS = NO;
				CLANG_ANALYZER_NONNULL = YES;
				CLANG_ANALYZER_NUMBER_OBJECT_CONVERSION = YES_AGGRESSIVE;
				CLANG_CXX_LANGUAGE_STANDARD = "gnu++20";
				CLANG_ENABLE_MODULES = YES;
				CLANG_ENABLE_OBJC_ARC = YES;
				CLANG_ENABLE_OBJC_WEAK = YES;
				CLANG_WARN_BLOCK_CAPTURE_AUTORELEASING = YES;
				CLANG_WARN_BOOL_CONVERSION = YES;
				CLANG_WARN_COMMA = YES;
				CLANG_WARN_CONSTANT_CONVERSION = YES;
				CLANG_WARN_DEPRECATED_OBJC_IMPLEMENTATIONS = YES;
				CLANG_WARN_DIRECT_OBJC_ISA_USAGE = YES_ERROR;
				CLANG_WARN_DOCUMENTATION_COMMENTS = YES;
				CLANG_WARN_EMPTY_BODY = YES;
				CLANG_WARN_ENUM_CONVERSION = YES;
				CLANG_WARN_INFINITE_RECURSION = YES;
				CLANG_WARN_INT_CONVERSION = YES;
				CLANG_WARN_NON_LITERAL_NULL_CONVERSION = YES;
				CLANG_WARN_OBJC_IMPLICIT_RETAIN_SELF = YES;
				CLANG_WARN_OBJC_LITERAL_CONVERSION = YES;
				CLANG_WARN_OBJC_ROOT_CLASS = YES_ERROR;
				CLANG_WARN_QUOTED_INCLUDE_IN_FRAMEWORK_HEADER = YES;
				CLANG_WARN_RANGE_LOOP_ANALYSIS = YES;
				CLANG_WARN_STRICT_PROTOTYPES = YES;
				CLANG_WARN_SUSPICIOUS_MOVE = YES;
				CLANG_WARN_UNGUARDED_AVAILABILITY = YES_AGGRESSIVE;
				CLANG_WARN_UNREACHABLE_CODE = YES;
				CLANG_WARN__DUPLICATE_METHOD_MATCH = YES;
				COPY_PHASE_STRIP = NO;
				DEBUG_INFORMATION_FORMAT = dwarf;
				ENABLE_STRICT_OBJC_MSGSEND = YES;
				ENABLE_TESTABILITY = YES;
				GCC_C_LANGUAGE_STANDARD = gnu11;
				GCC_DYNAMIC_NO_PIC = NO;
				GCC_NO_COMMON_BLOCKS = YES;
				GCC_OPTIMIZATION_LEVEL = 0;
				GCC_PREPROCESSOR_DEFINITIONS = (
					"DEBUG=1",
					"$(inherited)",
				);
				GCC_WARN_64_TO_32_BIT_CONVERSION = YES;
				GCC_WARN_ABOUT_RETURN_TYPE = YES_ERROR;
				GCC_WARN_UNDECLARED_SELECTOR = YES;
				GCC_WARN_UNINITIALIZED_AUTOS = YES_AGGRESSIVE;
				GCC_WARN_UNUSED_FUNCTION = YES;
				GCC_WARN_UNUSED_VARIABLE = YES;
				MACOSX_DEPLOYMENT_TARGET = 13.0;
				MTL_ENABLE_DEBUG_INFO = INCLUDE_SOURCE;
				MTL_FAST_MATH = YES;
				ONLY_ACTIVE_ARCH = YES;
				SDKROOT = macosx;
				SWIFT_ACTIVE_COMPILATION_CONDITIONS = DEBUG;
				SWIFT_OPTIMIZATION_LEVEL = "-Onone";
			};
			name = Debug;
		};
		3647DCA729FD475B00AC15A1 /* Release */ = {
			isa = XCBuildConfiguration;
			buildSettings = {
				ALWAYS_SEARCH_USER_PATHS = NO;
				CLANG_ANALYZER_NONNULL = YES;
				CLANG_ANALYZER_NUMBER_OBJECT_CONVERSION = YES_AGGRESSIVE;
				CLANG_CXX_LANGUAGE_STANDARD = "gnu++20";
				CLANG_ENABLE_MODULES = YES;
				CLANG_ENABLE_OBJC_ARC = YES;
				CLANG_ENABLE_OBJC_WEAK = YES;
				CLANG_WARN_BLOCK_CAPTURE_AUTORELEASING = YES;
				CLANG_WARN_BOOL_CONVERSION = YES;
				CLANG_WARN_COMMA = YES;
				CLANG_WARN_CONSTANT_CONVERSION = YES;
				CLANG_WARN_DEPRECATED_OBJC_IMPLEMENTATIONS = YES;
				CLANG_WARN_DIRECT_OBJC_ISA_USAGE = YES_ERROR;
				CLANG_WARN_DOCUMENTATION_COMMENTS = YES;
				CLANG_WARN_EMPTY_BODY = YES;
				CLANG_WARN_ENUM_CONVERSION = YES;
				CLANG_WARN_INFINITE_RECURSION = YES;
				CLANG_WARN_INT_CONVERSION = YES;
				CLANG_WARN_NON_LITERAL_NULL_CONVERSION = YES;
				CLANG_WARN_OBJC_IMPLICIT_RETAIN_SELF = YES;
				CLANG_WARN_OBJC_LITERAL_CONVERSION = YES;
				CLANG_WARN_OBJC_ROOT_CLASS = YES_ERROR;
				CLANG_WARN_QUOTED_INCLUDE_IN_FRAMEWORK_HEADER = YES;
				CLANG_WARN_RANGE_LOOP_ANALYSIS = YES;
				CLANG_WARN_STRICT_PROTOTYPES = YES;
				CLANG_WARN_SUSPICIOUS_MOVE = YES;
				CLANG_WARN_UNGUARDED_AVAILABILITY = YES_AGGRESSIVE;
				CLANG_WARN_UNREACHABLE_CODE = YES;
				CLANG_WARN__DUPLICATE_METHOD_MATCH = YES;
				COPY_PHASE_STRIP = NO;
				DEBUG_INFORMATION_FORMAT = "dwarf-with-dsym";
				ENABLE_NS_ASSERTIONS = NO;
				ENABLE_STRICT_OBJC_MSGSEND = YES;
				GCC_C_LANGUAGE_STANDARD = gnu11;
				GCC_NO_COMMON_BLOCKS = YES;
				GCC_WARN_64_TO_32_BIT_CONVERSION = YES;
				GCC_WARN_ABOUT_RETURN_TYPE = YES_ERROR;
				GCC_WARN_UNDECLARED_SELECTOR = YES;
				GCC_WARN_UNINITIALIZED_AUTOS = YES_AGGRESSIVE;
				GCC_WARN_UNUSED_FUNCTION = YES;
				GCC_WARN_UNUSED_VARIABLE = YES;
				MACOSX_DEPLOYMENT_TARGET = 13.0;
				MTL_ENABLE_DEBUG_INFO = NO;
				MTL_FAST_MATH = YES;
				SDKROOT = macosx;
				SWIFT_COMPILATION_MODE = wholemodule;
				SWIFT_OPTIMIZATION_LEVEL = "-O";
			};
			name = Release;
		};
		3647DCA929FD475B00AC15A1 /* Debug */ = {
			isa = XCBuildConfiguration;
			buildSettings = {
				ASSETCATALOG_COMPILER_APPICON_NAME = AppIcon;
				ASSETCATALOG_COMPILER_GLOBAL_ACCENT_COLOR_NAME = AccentColor;
				CODE_SIGN_ENTITLEMENTS = Grash/Grash.entitlements;
				CODE_SIGN_STYLE = Automatic;
				COMBINE_HIDPI_IMAGES = YES;
				CURRENT_PROJECT_VERSION = 1;
				DEVELOPMENT_ASSET_PATHS = "\"Grash/Preview Content\"";
				DEVELOPMENT_TEAM = ZF84SJ5A3G;
				ENABLE_HARDENED_RUNTIME = YES;
				ENABLE_PREVIEWS = YES;
				GENERATE_INFOPLIST_FILE = YES;
				INFOPLIST_KEY_NSHumanReadableCopyright = "";
				LD_RUNPATH_SEARCH_PATHS = (
					"$(inherited)",
					"@executable_path/../Frameworks",
				);
				MARKETING_VERSION = 1.0;
				PRODUCT_BUNDLE_IDENTIFIER = app.grash.Grash;
				PRODUCT_NAME = "$(TARGET_NAME)";
				SWIFT_EMIT_LOC_STRINGS = YES;
				SWIFT_VERSION = 5.0;
			};
			name = Debug;
		};
		3647DCAA29FD475B00AC15A1 /* Release */ = {
			isa = XCBuildConfiguration;
			buildSettings = {
				ASSETCATALOG_COMPILER_APPICON_NAME = AppIcon;
				ASSETCATALOG_COMPILER_GLOBAL_ACCENT_COLOR_NAME = AccentColor;
				CODE_SIGN_ENTITLEMENTS = Grash/Grash.entitlements;
				CODE_SIGN_STYLE = Automatic;
				COMBINE_HIDPI_IMAGES = YES;
				CURRENT_PROJECT_VERSION = 1;
				DEVELOPMENT_ASSET_PATHS = "\"Grash/Preview Content\"";
				DEVELOPMENT_TEAM = ZF84SJ5A3G;
				ENABLE_HARDENED_RUNTIME = YES;
				ENABLE_PREVIEWS = YES;
				GENERATE_INFOPLIST_FILE = YES;
				INFOPLIST_KEY_NSHumanReadableCopyright = "";
				LD_RUNPATH_SEARCH_PATHS = (
					"$(inherited)",
					"@executable_path/../Frameworks",
				);
				MARKETING_VERSION = 1.0;
				PRODUCT_BUNDLE_IDENTIFIER = app.grash.Grash;
				PRODUCT_NAME = "$(TARGET_NAME)";
				SWIFT_EMIT_LOC_STRINGS = YES;
				SWIFT_VERSION = 5.0;
			};
			name = Release;
		};
		3647DCAC29FD475B00AC15A1 /* Debug */ = {
			isa = XCBuildConfiguration;
			buildSettings = {
				ALWAYS_EMBED_SWIFT_STANDARD_LIBRARIES = YES;
				BUNDLE_LOADER = "$(TEST_HOST)";
				CODE_SIGN_STYLE = Automatic;
				CURRENT_PROJECT_VERSION = 1;
				DEVELOPMENT_TEAM = ZF84SJ5A3G;
				GENERATE_INFOPLIST_FILE = YES;
				MACOSX_DEPLOYMENT_TARGET = 13.0;
				MARKETING_VERSION = 1.0;
				PRODUCT_BUNDLE_IDENTIFIER = app.grash.GrashTests;
				PRODUCT_NAME = "$(TARGET_NAME)";
				SWIFT_EMIT_LOC_STRINGS = NO;
				SWIFT_VERSION = 5.0;
				TEST_HOST = "$(BUILT_PRODUCTS_DIR)/Grash.app/$(BUNDLE_EXECUTABLE_FOLDER_PATH)/Grash";
			};
			name = Debug;
		};
		3647DCAD29FD475B00AC15A1 /* Release */ = {
			isa = XCBuildConfiguration;
			buildSettings = {
				ALWAYS_EMBED_SWIFT_STANDARD_LIBRARIES = YES;
				BUNDLE_LOADER = "$(TEST_HOST)";
				CODE_SIGN_STYLE = Automatic;
				CURRENT_PROJECT_VERSION = 1;
				DEVELOPMENT_TEAM = ZF84SJ5A3G;
				GENERATE_INFOPLIST_FILE = YES;
				MACOSX_DEPLOYMENT_TARGET = 13.0;
				MARKETING_VERSION = 1.0;
				PRODUCT_BUNDLE_IDENTIFIER = app.grash.GrashTests;
				PRODUCT_NAME = "$(TARGET_NAME)";
				SWIFT_EMIT_LOC_STRINGS = NO;
				SWIFT_VERSION = 5.0;
				TEST_HOST = "$(BUILT_PRODUCTS_DIR)/Grash.app/$(BUNDLE_EXECUTABLE_FOLDER_PATH)/Grash";
			};
			name = Release;
		};
		3647DCAF29FD475B00AC15A1 /* Debug */ = {
			isa = XCBuildConfiguration;
			buildSettings = {
				ALWAYS_EMBED_SWIFT_STANDARD_LIBRARIES = YES;
				CODE_SIGN_STYLE = Automatic;
				CURRENT_PROJECT_VERSION = 1;
				DEVELOPMENT_TEAM = ZF84SJ5A3G;
				GENERATE_INFOPLIST_FILE = YES;
				MARKETING_VERSION = 1.0;
				PRODUCT_BUNDLE_IDENTIFIER = app.grash.GrashUITests;
				PRODUCT_NAME = "$(TARGET_NAME)";
				SWIFT_EMIT_LOC_STRINGS = NO;
				SWIFT_VERSION = 5.0;
				TEST_TARGET_NAME = Grash;
			};
			name = Debug;
		};
		3647DCB029FD475B00AC15A1 /* Release */ = {
			isa = XCBuildConfiguration;
			buildSettings = {
				ALWAYS_EMBED_SWIFT_STANDARD_LIBRARIES = YES;
				CODE_SIGN_STYLE = Automatic;
				CURRENT_PROJECT_VERSION = 1;
				DEVELOPMENT_TEAM = ZF84SJ5A3G;
				GENERATE_INFOPLIST_FILE = YES;
				MARKETING_VERSION = 1.0;
				PRODUCT_BUNDLE_IDENTIFIER = app.grash.GrashUITests;
				PRODUCT_NAME = "$(TARGET_NAME)";
				SWIFT_EMIT_LOC_STRINGS = NO;
				SWIFT_VERSION = 5.0;
				TEST_TARGET_NAME = Grash;
			};
			name = Release;
		};
/* End XCBuildConfiguration section */

/* Begin XCConfigurationList section */
		3647DC7E29FD475A00AC15A1 /* Build configuration list for PBXProject "Grash" */ = {
			isa = XCConfigurationList;
			buildConfigurations = (
				3647DCA629FD475B00AC15A1 /* Debug */,
				3647DCA729FD475B00AC15A1 /* Release */,
			);
			defaultConfigurationIsVisible = 0;
			defaultConfigurationName = Release;
		};
		3647DCA829FD475B00AC15A1 /* Build configuration list for PBXNativeTarget "Grash" */ = {
			isa = XCConfigurationList;
			buildConfigurations = (
				3647DCA929FD475B00AC15A1 /* Debug */,
				3647DCAA29FD475B00AC15A1 /* Release */,
			);
			defaultConfigurationIsVisible = 0;
			defaultConfigurationName = Release;
		};
		3647DCAB29FD475B00AC15A1 /* Build configuration list for PBXNativeTarget "GrashTests" */ = {
			isa = XCConfigurationList;
			buildConfigurations = (
				3647DCAC29FD475B00AC15A1 /* Debug */,
				3647DCAD29FD475B00AC15A1 /* Release */,
			);
			defaultConfigurationIsVisible = 0;
			defaultConfigurationName = Release;
		};
		3647DCAE29FD475B00AC15A1 /* Build configuration list for PBXNativeTarget "GrashUITests" */ = {
			isa = XCConfigurationList;
			buildConfigurations = (
				3647DCAF29FD475B00AC15A1 /* Debug */,
				3647DCB029FD475B00AC15A1 /* Release */,
			);
			defaultConfigurationIsVisible = 0;
			defaultConfigurationName = Release;
		};
/* End XCConfigurationList section */
	};
	rootObject = 3647DC7B29FD475A00AC15A1 /* Project object */;
}
